
Microsoft Visual Studio Solution File, Format Version 12.00
# Visual Studio Version 16
VisualStudioVersion = 16.0.34931.43
MinimumVisualStudioVersion = 10.0.40219.1
Project("{FAE04EC0-301F-11D3-BF4B-00C04F79EFBC}") = "Project_MsTester", "Project_MsTester\Project_MsTester.csproj", "{80BC032D-56D7-4A02-82CD-9ACA9F97354B}"
EndProject
Global
	GlobalSection(SolutionConfigurationPlatforms) = preSolution
		Debug|Any CPU = Debug|Any CPU
		Release|Any CPU = Release|Any CPU
	EndGlobalSection
	GlobalSection(ProjectConfigurationPlatforms) = postSolution
		{80BC032D-56D7-4A02-82CD-9ACA9F97354B}.Debug|Any CPU.ActiveCfg = Debug|Any CPU
		{80BC032D-56D7-4A02-82CD-9ACA9F97354B}.Debug|Any CPU.Build.0 = Debug|Any CPU
		{80BC032D-56D7-4A02-82CD-9ACA9F97354B}.Release|Any CPU.ActiveCfg = Release|Any CPU
		{80BC032D-56D7-4A02-82CD-9ACA9F97354B}.Release|Any CPU.Build.0 = Release|Any CPU
	EndGlobalSection
	GlobalSection(SolutionProperties) = preSolution
		HideSolutionNode = FALSE
	EndGlobalSection
	GlobalSection(ExtensibilityGlobals) = postSolution
		SolutionGuid = {F0549A40-B65C-4A17-9152-0A2CE23EFE45}
	EndGlobalSection
EndGlobal
