
Microsoft Visual Studio Solution File, Format Version 12.00
# Visual Studio Version 17
VisualStudioVersion = 17.10.35013.160
MinimumVisualStudioVersion = 10.0.40219.1
Project("{FAE04EC0-301F-11D3-BF4B-00C04F79EFBC}") = "Validations", "Validations\Validations.csproj", "{AEA14FB2-1E88-4DEA-A157-EB14120339E4}"
EndProject
Global
	GlobalSection(SolutionConfigurationPlatforms) = preSolution
		Debug|Any CPU = Debug|Any CPU
		Release|Any CPU = Release|Any CPU
	EndGlobalSection
	GlobalSection(ProjectConfigurationPlatforms) = postSolution
		{AEA14FB2-1E88-4DEA-A157-EB14120339E4}.Debug|Any CPU.ActiveCfg = Debug|Any CPU
		{AEA14FB2-1E88-4DEA-A157-EB14120339E4}.Debug|Any CPU.Build.0 = Debug|Any CPU
		{AEA14FB2-1E88-4DEA-A157-EB14120339E4}.Release|Any CPU.ActiveCfg = Release|Any CPU
		{AEA14FB2-1E88-4DEA-A157-EB14120339E4}.Release|Any CPU.Build.0 = Release|Any CPU
	EndGlobalSection
	GlobalSection(SolutionProperties) = preSolution
		HideSolutionNode = FALSE
	EndGlobalSection
	GlobalSection(ExtensibilityGlobals) = postSolution
		SolutionGuid = {F8B349E2-1A51-43E7-A43F-8FE5FF4E0A0D}
	EndGlobalSection
EndGlobal
