
Microsoft Visual Studio Solution File, Format Version 12.00
# Visual Studio Version 16
VisualStudioVersion = 16.0.34931.43
MinimumVisualStudioVersion = 10.0.40219.1
Project("{FAE04EC0-301F-11D3-BF4B-00C04F79EFBC}") = "Connected_Eg1", "Connected_Eg1\Connected_Eg1.csproj", "{000A32E5-0666-486C-BC78-370D63BE00A4}"
EndProject
Global
	GlobalSection(SolutionConfigurationPlatforms) = preSolution
		Debug|Any CPU = Debug|Any CPU
		Release|Any CPU = Release|Any CPU
	EndGlobalSection
	GlobalSection(ProjectConfigurationPlatforms) = postSolution
		{000A32E5-0666-486C-BC78-370D63BE00A4}.Debug|Any CPU.ActiveCfg = Debug|Any CPU
		{000A32E5-0666-486C-BC78-370D63BE00A4}.Debug|Any CPU.Build.0 = Debug|Any CPU
		{000A32E5-0666-486C-BC78-370D63BE00A4}.Release|Any CPU.ActiveCfg = Release|Any CPU
		{000A32E5-0666-486C-BC78-370D63BE00A4}.Release|Any CPU.Build.0 = Release|Any CPU
	EndGlobalSection
	GlobalSection(SolutionProperties) = preSolution
		HideSolutionNode = FALSE
	EndGlobalSection
	GlobalSection(ExtensibilityGlobals) = postSolution
		SolutionGuid = {E2A86E2C-8901-483D-9AE1-C72D88A7E111}
	EndGlobalSection
EndGlobal
