
Microsoft Visual Studio Solution File, Format Version 12.00
# Visual Studio Version 16
VisualStudioVersion = 16.0.34931.43
MinimumVisualStudioVersion = 10.0.40219.1
Project("{FAE04EC0-301F-11D3-BF4B-00C04F79EFBC}") = "ModelFirst", "ModelFirst\ModelFirst.csproj", "{B3B3DF5F-3AE4-40EA-A450-599450BCBA0E}"
EndProject
Global
	GlobalSection(SolutionConfigurationPlatforms) = preSolution
		Debug|Any CPU = Debug|Any CPU
		Release|Any CPU = Release|Any CPU
	EndGlobalSection
	GlobalSection(ProjectConfigurationPlatforms) = postSolution
		{B3B3DF5F-3AE4-40EA-A450-599450BCBA0E}.Debug|Any CPU.ActiveCfg = Debug|Any CPU
		{B3B3DF5F-3AE4-40EA-A450-599450BCBA0E}.Debug|Any CPU.Build.0 = Debug|Any CPU
		{B3B3DF5F-3AE4-40EA-A450-599450BCBA0E}.Release|Any CPU.ActiveCfg = Release|Any CPU
		{B3B3DF5F-3AE4-40EA-A450-599450BCBA0E}.Release|Any CPU.Build.0 = Release|Any CPU
	EndGlobalSection
	GlobalSection(SolutionProperties) = preSolution
		HideSolutionNode = FALSE
	EndGlobalSection
	GlobalSection(ExtensibilityGlobals) = postSolution
		SolutionGuid = {8FE14FB1-7D46-4D48-925D-6528A68A1614}
	EndGlobalSection
EndGlobal
