
Microsoft Visual Studio Solution File, Format Version 12.00
# Visual Studio Version 16
VisualStudioVersion = 16.0.34931.43
MinimumVisualStudioVersion = 10.0.40219.1
Project("{FAE04EC0-301F-11D3-BF4B-00C04F79EFBC}") = "MasterpagePrj", "MasterpagePrj\MasterpagePrj.csproj", "{4BA4E187-A423-46AD-8006-5F66A77AB2BF}"
EndProject
Global
	GlobalSection(SolutionConfigurationPlatforms) = preSolution
		Debug|Any CPU = Debug|Any CPU
		Release|Any CPU = Release|Any CPU
	EndGlobalSection
	GlobalSection(ProjectConfigurationPlatforms) = postSolution
		{4BA4E187-A423-46AD-8006-5F66A77AB2BF}.Debug|Any CPU.ActiveCfg = Debug|Any CPU
		{4BA4E187-A423-46AD-8006-5F66A77AB2BF}.Debug|Any CPU.Build.0 = Debug|Any CPU
		{4BA4E187-A423-46AD-8006-5F66A77AB2BF}.Release|Any CPU.ActiveCfg = Release|Any CPU
		{4BA4E187-A423-46AD-8006-5F66A77AB2BF}.Release|Any CPU.Build.0 = Release|Any CPU
	EndGlobalSection
	GlobalSection(SolutionProperties) = preSolution
		HideSolutionNode = FALSE
	EndGlobalSection
	GlobalSection(ExtensibilityGlobals) = postSolution
		SolutionGuid = {BC5C6E21-ADE1-49D5-B6E6-721313819F65}
	EndGlobalSection
EndGlobal
