
Microsoft Visual Studio Solution File, Format Version 12.00
# Visual Studio Version 16
VisualStudioVersion = 16.0.34931.43
MinimumVisualStudioVersion = 10.0.40219.1
Project("{FAE04EC0-301F-11D3-BF4B-00C04F79EFBC}") = "Linq_To_DataTable", "Linq_To_DataTable\Linq_To_DataTable.csproj", "{77DF9B99-BBE7-4E87-9D84-D2EA1E6446FF}"
EndProject
Global
	GlobalSection(SolutionConfigurationPlatforms) = preSolution
		Debug|Any CPU = Debug|Any CPU
		Release|Any CPU = Release|Any CPU
	EndGlobalSection
	GlobalSection(ProjectConfigurationPlatforms) = postSolution
		{77DF9B99-BBE7-4E87-9D84-D2EA1E6446FF}.Debug|Any CPU.ActiveCfg = Debug|Any CPU
		{77DF9B99-BBE7-4E87-9D84-D2EA1E6446FF}.Debug|Any CPU.Build.0 = Debug|Any CPU
		{77DF9B99-BBE7-4E87-9D84-D2EA1E6446FF}.Release|Any CPU.ActiveCfg = Release|Any CPU
		{77DF9B99-BBE7-4E87-9D84-D2EA1E6446FF}.Release|Any CPU.Build.0 = Release|Any CPU
	EndGlobalSection
	GlobalSection(SolutionProperties) = preSolution
		HideSolutionNode = FALSE
	EndGlobalSection
	GlobalSection(ExtensibilityGlobals) = postSolution
		SolutionGuid = {08EF0729-9AB3-4CDC-AD23-C23971238480}
	EndGlobalSection
EndGlobal
