
Microsoft Visual Studio Solution File, Format Version 12.00
# Visual Studio Version 16
VisualStudioVersion = 16.0.34931.43
MinimumVisualStudioVersion = 10.0.40219.1
Project("{FAE04EC0-301F-11D3-BF4B-00C04F79EFBC}") = "JSON_Post_Ajax", "JSON_Post_Ajax\JSON_Post_Ajax.csproj", "{1FAA0DB3-7146-4B28-BB76-9E45BAD4F16D}"
EndProject
Global
	GlobalSection(SolutionConfigurationPlatforms) = preSolution
		Debug|Any CPU = Debug|Any CPU
		Release|Any CPU = Release|Any CPU
	EndGlobalSection
	GlobalSection(ProjectConfigurationPlatforms) = postSolution
		{1FAA0DB3-7146-4B28-BB76-9E45BAD4F16D}.Debug|Any CPU.ActiveCfg = Debug|Any CPU
		{1FAA0DB3-7146-4B28-BB76-9E45BAD4F16D}.Debug|Any CPU.Build.0 = Debug|Any CPU
		{1FAA0DB3-7146-4B28-BB76-9E45BAD4F16D}.Release|Any CPU.ActiveCfg = Release|Any CPU
		{1FAA0DB3-7146-4B28-BB76-9E45BAD4F16D}.Release|Any CPU.Build.0 = Release|Any CPU
	EndGlobalSection
	GlobalSection(SolutionProperties) = preSolution
		HideSolutionNode = FALSE
	EndGlobalSection
	GlobalSection(ExtensibilityGlobals) = postSolution
		SolutionGuid = {C274D1F8-7B13-4D24-9AD4-B6E439BDE5E0}
	EndGlobalSection
EndGlobal
