
Microsoft Visual Studio Solution File, Format Version 12.00
# Visual Studio Version 16
VisualStudioVersion = 16.0.34301.259
MinimumVisualStudioVersion = 10.0.40219.1
Project("{FAE04EC0-301F-11D3-BF4B-00C04F79EFBC}") = "Day7_Dotnet", "Day7_Dotnet\Day7_Dotnet.csproj", "{D0CF5287-4002-48C6-8803-0B27A739E619}"
EndProject
Global
	GlobalSection(SolutionConfigurationPlatforms) = preSolution
		Debug|Any CPU = Debug|Any CPU
		Release|Any CPU = Release|Any CPU
	EndGlobalSection
	GlobalSection(ProjectConfigurationPlatforms) = postSolution
		{D0CF5287-4002-48C6-8803-0B27A739E619}.Debug|Any CPU.ActiveCfg = Debug|Any CPU
		{D0CF5287-4002-48C6-8803-0B27A739E619}.Debug|Any CPU.Build.0 = Debug|Any CPU
		{D0CF5287-4002-48C6-8803-0B27A739E619}.Release|Any CPU.ActiveCfg = Release|Any CPU
		{D0CF5287-4002-48C6-8803-0B27A739E619}.Release|Any CPU.Build.0 = Release|Any CPU
	EndGlobalSection
	GlobalSection(SolutionProperties) = preSolution
		HideSolutionNode = FALSE
	EndGlobalSection
	GlobalSection(ExtensibilityGlobals) = postSolution
		SolutionGuid = {86C4057B-5AE6-465B-B5B1-43AE0C8C0BD3}
	EndGlobalSection
EndGlobal
