
Microsoft Visual Studio Solution File, Format Version 12.00
# Visual Studio Version 16
VisualStudioVersion = 16.0.34931.43
MinimumVisualStudioVersion = 10.0.40219.1
Project("{FAE04EC0-301F-11D3-BF4B-00C04F79EFBC}") = "AuthenticationPrj", "AuthenticationPrj\AuthenticationPrj.csproj", "{F9BAF4AD-A84E-4109-B4BD-3161490AD344}"
EndProject
Global
	GlobalSection(SolutionConfigurationPlatforms) = preSolution
		Debug|Any CPU = Debug|Any CPU
		Release|Any CPU = Release|Any CPU
	EndGlobalSection
	GlobalSection(ProjectConfigurationPlatforms) = postSolution
		{F9BAF4AD-A84E-4109-B4BD-3161490AD344}.Debug|Any CPU.ActiveCfg = Debug|Any CPU
		{F9BAF4AD-A84E-4109-B4BD-3161490AD344}.Debug|Any CPU.Build.0 = Debug|Any CPU
		{F9BAF4AD-A84E-4109-B4BD-3161490AD344}.Release|Any CPU.ActiveCfg = Release|Any CPU
		{F9BAF4AD-A84E-4109-B4BD-3161490AD344}.Release|Any CPU.Build.0 = Release|Any CPU
	EndGlobalSection
	GlobalSection(SolutionProperties) = preSolution
		HideSolutionNode = FALSE
	EndGlobalSection
	GlobalSection(ExtensibilityGlobals) = postSolution
		SolutionGuid = {481021F5-288D-47F8-A270-A5868E345EBA}
	EndGlobalSection
EndGlobal
