
Microsoft Visual Studio Solution File, Format Version 12.00
# Visual Studio Version 16
VisualStudioVersion = 16.0.34301.259
MinimumVisualStudioVersion = 10.0.40219.1
Project("{FAE04EC0-301F-11D3-BF4B-00C04F79EFBC}") = "Day6_Dotnet", "Day6_Dotnet\Day6_Dotnet.csproj", "{678499C7-32C8-4D8E-B58F-F568B7D9603B}"
EndProject
Global
	GlobalSection(SolutionConfigurationPlatforms) = preSolution
		Debug|Any CPU = Debug|Any CPU
		Release|Any CPU = Release|Any CPU
	EndGlobalSection
	GlobalSection(ProjectConfigurationPlatforms) = postSolution
		{678499C7-32C8-4D8E-B58F-F568B7D9603B}.Debug|Any CPU.ActiveCfg = Debug|Any CPU
		{678499C7-32C8-4D8E-B58F-F568B7D9603B}.Debug|Any CPU.Build.0 = Debug|Any CPU
		{678499C7-32C8-4D8E-B58F-F568B7D9603B}.Release|Any CPU.ActiveCfg = Release|Any CPU
		{678499C7-32C8-4D8E-B58F-F568B7D9603B}.Release|Any CPU.Build.0 = Release|Any CPU
	EndGlobalSection
	GlobalSection(SolutionProperties) = preSolution
		HideSolutionNode = FALSE
	EndGlobalSection
	GlobalSection(ExtensibilityGlobals) = postSolution
		SolutionGuid = {7FD333B6-40F4-4A35-B8E3-AF68156CA399}
	EndGlobalSection
EndGlobal
