
Microsoft Visual Studio Solution File, Format Version 12.00
# Visual Studio Version 16
VisualStudioVersion = 16.0.34931.43
MinimumVisualStudioVersion = 10.0.40219.1
Project("{FAE04EC0-301F-11D3-BF4B-00C04F79EFBC}") = "ValidationsPrj", "ValidationsPrj\ValidationsPrj.csproj", "{E40C348D-E6A7-442F-8B55-D62D105B3F02}"
EndProject
Global
	GlobalSection(SolutionConfigurationPlatforms) = preSolution
		Debug|Any CPU = Debug|Any CPU
		Release|Any CPU = Release|Any CPU
	EndGlobalSection
	GlobalSection(ProjectConfigurationPlatforms) = postSolution
		{E40C348D-E6A7-442F-8B55-D62D105B3F02}.Debug|Any CPU.ActiveCfg = Debug|Any CPU
		{E40C348D-E6A7-442F-8B55-D62D105B3F02}.Debug|Any CPU.Build.0 = Debug|Any CPU
		{E40C348D-E6A7-442F-8B55-D62D105B3F02}.Release|Any CPU.ActiveCfg = Release|Any CPU
		{E40C348D-E6A7-442F-8B55-D62D105B3F02}.Release|Any CPU.Build.0 = Release|Any CPU
	EndGlobalSection
	GlobalSection(SolutionProperties) = preSolution
		HideSolutionNode = FALSE
	EndGlobalSection
	GlobalSection(ExtensibilityGlobals) = postSolution
		SolutionGuid = {BD3F8D62-2119-4C4B-99F5-F09207F532B4}
	EndGlobalSection
EndGlobal
