
Microsoft Visual Studio Solution File, Format Version 12.00
# Visual Studio Version 17
VisualStudioVersion = 17.10.35013.160
MinimumVisualStudioVersion = 10.0.40219.1
Project("{FAE04EC0-301F-11D3-BF4B-00C04F79EFBC}") = "Core_EF_DB", "Core_EF_DB\Core_EF_DB.csproj", "{E981D2CC-3918-4E74-A227-D251E94EC12D}"
EndProject
Global
	GlobalSection(SolutionConfigurationPlatforms) = preSolution
		Debug|Any CPU = Debug|Any CPU
		Release|Any CPU = Release|Any CPU
	EndGlobalSection
	GlobalSection(ProjectConfigurationPlatforms) = postSolution
		{E981D2CC-3918-4E74-A227-D251E94EC12D}.Debug|Any CPU.ActiveCfg = Debug|Any CPU
		{E981D2CC-3918-4E74-A227-D251E94EC12D}.Debug|Any CPU.Build.0 = Debug|Any CPU
		{E981D2CC-3918-4E74-A227-D251E94EC12D}.Release|Any CPU.ActiveCfg = Release|Any CPU
		{E981D2CC-3918-4E74-A227-D251E94EC12D}.Release|Any CPU.Build.0 = Release|Any CPU
	EndGlobalSection
	GlobalSection(SolutionProperties) = preSolution
		HideSolutionNode = FALSE
	EndGlobalSection
	GlobalSection(ExtensibilityGlobals) = postSolution
		SolutionGuid = {76C67389-F26F-43EA-8275-45B02203B392}
	EndGlobalSection
EndGlobal
