
Microsoft Visual Studio Solution File, Format Version 12.00
# Visual Studio Version 16
VisualStudioVersion = 16.0.34931.43
MinimumVisualStudioVersion = 10.0.40219.1
Project("{FAE04EC0-301F-11D3-BF4B-00C04F79EFBC}") = "HtmlHelpersPrj", "HtmlHelpersPrj\HtmlHelpersPrj.csproj", "{13126A3F-02DE-437C-836F-A554867DE2A0}"
EndProject
Global
	GlobalSection(SolutionConfigurationPlatforms) = preSolution
		Debug|Any CPU = Debug|Any CPU
		Release|Any CPU = Release|Any CPU
	EndGlobalSection
	GlobalSection(ProjectConfigurationPlatforms) = postSolution
		{13126A3F-02DE-437C-836F-A554867DE2A0}.Debug|Any CPU.ActiveCfg = Debug|Any CPU
		{13126A3F-02DE-437C-836F-A554867DE2A0}.Debug|Any CPU.Build.0 = Debug|Any CPU
		{13126A3F-02DE-437C-836F-A554867DE2A0}.Release|Any CPU.ActiveCfg = Release|Any CPU
		{13126A3F-02DE-437C-836F-A554867DE2A0}.Release|Any CPU.Build.0 = Release|Any CPU
	EndGlobalSection
	GlobalSection(SolutionProperties) = preSolution
		HideSolutionNode = FALSE
	EndGlobalSection
	GlobalSection(ExtensibilityGlobals) = postSolution
		SolutionGuid = {EB01C88B-4FD6-4EBB-BCF9-055B5F11F333}
	EndGlobalSection
EndGlobal
