
Microsoft Visual Studio Solution File, Format Version 12.00
# Visual Studio Version 16
VisualStudioVersion = 16.0.34931.43
MinimumVisualStudioVersion = 10.0.40219.1
Project("{FAE04EC0-301F-11D3-BF4B-00C04F79EFBC}") = "MVC_EF_DB", "MVC_EF_DB\MVC_EF_DB.csproj", "{850BF1E7-534C-47EB-B368-7C01E6E4110F}"
EndProject
Global
	GlobalSection(SolutionConfigurationPlatforms) = preSolution
		Debug|Any CPU = Debug|Any CPU
		Release|Any CPU = Release|Any CPU
	EndGlobalSection
	GlobalSection(ProjectConfigurationPlatforms) = postSolution
		{850BF1E7-534C-47EB-B368-7C01E6E4110F}.Debug|Any CPU.ActiveCfg = Debug|Any CPU
		{850BF1E7-534C-47EB-B368-7C01E6E4110F}.Debug|Any CPU.Build.0 = Debug|Any CPU
		{850BF1E7-534C-47EB-B368-7C01E6E4110F}.Release|Any CPU.ActiveCfg = Release|Any CPU
		{850BF1E7-534C-47EB-B368-7C01E6E4110F}.Release|Any CPU.Build.0 = Release|Any CPU
	EndGlobalSection
	GlobalSection(SolutionProperties) = preSolution
		HideSolutionNode = FALSE
	EndGlobalSection
	GlobalSection(ExtensibilityGlobals) = postSolution
		SolutionGuid = {B1FA9C19-ABCD-4D6F-A6F1-65C11FF1C014}
	EndGlobalSection
EndGlobal
