
Microsoft Visual Studio Solution File, Format Version 12.00
# Visual Studio Version 16
VisualStudioVersion = 16.0.34931.43
MinimumVisualStudioVersion = 10.0.40219.1
Project("{FAE04EC0-301F-11D3-BF4B-00C04F79EFBC}") = "SecondFile", "SecondFile\SecondFile.csproj", "{98D77ABC-EE63-4301-A7CE-8AA3662FC90A}"
EndProject
Global
	GlobalSection(SolutionConfigurationPlatforms) = preSolution
		Debug|Any CPU = Debug|Any CPU
		Release|Any CPU = Release|Any CPU
	EndGlobalSection
	GlobalSection(ProjectConfigurationPlatforms) = postSolution
		{98D77ABC-EE63-4301-A7CE-8AA3662FC90A}.Debug|Any CPU.ActiveCfg = Debug|Any CPU
		{98D77ABC-EE63-4301-A7CE-8AA3662FC90A}.Debug|Any CPU.Build.0 = Debug|Any CPU
		{98D77ABC-EE63-4301-A7CE-8AA3662FC90A}.Release|Any CPU.ActiveCfg = Release|Any CPU
		{98D77ABC-EE63-4301-A7CE-8AA3662FC90A}.Release|Any CPU.Build.0 = Release|Any CPU
	EndGlobalSection
	GlobalSection(SolutionProperties) = preSolution
		HideSolutionNode = FALSE
	EndGlobalSection
	GlobalSection(ExtensibilityGlobals) = postSolution
		SolutionGuid = {DB358776-7B11-4803-84AF-E17D0B8F0EE9}
	EndGlobalSection
EndGlobal
