
Microsoft Visual Studio Solution File, Format Version 12.00
# Visual Studio Version 16
VisualStudioVersion = 16.0.34931.43
MinimumVisualStudioVersion = 10.0.40219.1
Project("{FAE04EC0-301F-11D3-BF4B-00C04F79EFBC}") = "StateManagement", "StateManagement\StateManagement.csproj", "{A2B0814E-2ACE-442F-9975-1CE674353506}"
EndProject
Global
	GlobalSection(SolutionConfigurationPlatforms) = preSolution
		Debug|Any CPU = Debug|Any CPU
		Release|Any CPU = Release|Any CPU
	EndGlobalSection
	GlobalSection(ProjectConfigurationPlatforms) = postSolution
		{A2B0814E-2ACE-442F-9975-1CE674353506}.Debug|Any CPU.ActiveCfg = Debug|Any CPU
		{A2B0814E-2ACE-442F-9975-1CE674353506}.Debug|Any CPU.Build.0 = Debug|Any CPU
		{A2B0814E-2ACE-442F-9975-1CE674353506}.Release|Any CPU.ActiveCfg = Release|Any CPU
		{A2B0814E-2ACE-442F-9975-1CE674353506}.Release|Any CPU.Build.0 = Release|Any CPU
	EndGlobalSection
	GlobalSection(SolutionProperties) = preSolution
		HideSolutionNode = FALSE
	EndGlobalSection
	GlobalSection(ExtensibilityGlobals) = postSolution
		SolutionGuid = {54579AB8-3DB1-456C-94AC-867400E3E1C1}
	EndGlobalSection
EndGlobal
