
Microsoft Visual Studio Solution File, Format Version 12.00
# Visual Studio Version 16
VisualStudioVersion = 16.0.34931.43
MinimumVisualStudioVersion = 10.0.40219.1
Project("{FAE04EC0-301F-11D3-BF4B-00C04F79EFBC}") = "ViewModel", "ViewModel\ViewModel.csproj", "{47DDC754-0C00-4270-A6FF-F3A3C8F5B9D4}"
EndProject
Global
	GlobalSection(SolutionConfigurationPlatforms) = preSolution
		Debug|Any CPU = Debug|Any CPU
		Release|Any CPU = Release|Any CPU
	EndGlobalSection
	GlobalSection(ProjectConfigurationPlatforms) = postSolution
		{47DDC754-0C00-4270-A6FF-F3A3C8F5B9D4}.Debug|Any CPU.ActiveCfg = Debug|Any CPU
		{47DDC754-0C00-4270-A6FF-F3A3C8F5B9D4}.Debug|Any CPU.Build.0 = Debug|Any CPU
		{47DDC754-0C00-4270-A6FF-F3A3C8F5B9D4}.Release|Any CPU.ActiveCfg = Release|Any CPU
		{47DDC754-0C00-4270-A6FF-F3A3C8F5B9D4}.Release|Any CPU.Build.0 = Release|Any CPU
	EndGlobalSection
	GlobalSection(SolutionProperties) = preSolution
		HideSolutionNode = FALSE
	EndGlobalSection
	GlobalSection(ExtensibilityGlobals) = postSolution
		SolutionGuid = {2CECF15F-5F02-4275-8951-5B8B2194710E}
	EndGlobalSection
EndGlobal
