
Microsoft Visual Studio Solution File, Format Version 12.00
# Visual Studio Version 17
VisualStudioVersion = 17.10.35013.160
MinimumVisualStudioVersion = 10.0.40219.1
Project("{FAE04EC0-301F-11D3-BF4B-00C04F79EFBC}") = "Core_EF_CodeFirst", "Core_EF_CodeFirst\Core_EF_CodeFirst.csproj", "{608ACDFA-40D2-4169-8187-A4410569128A}"
EndProject
Global
	GlobalSection(SolutionConfigurationPlatforms) = preSolution
		Debug|Any CPU = Debug|Any CPU
		Release|Any CPU = Release|Any CPU
	EndGlobalSection
	GlobalSection(ProjectConfigurationPlatforms) = postSolution
		{608ACDFA-40D2-4169-8187-A4410569128A}.Debug|Any CPU.ActiveCfg = Debug|Any CPU
		{608ACDFA-40D2-4169-8187-A4410569128A}.Debug|Any CPU.Build.0 = Debug|Any CPU
		{608ACDFA-40D2-4169-8187-A4410569128A}.Release|Any CPU.ActiveCfg = Release|Any CPU
		{608ACDFA-40D2-4169-8187-A4410569128A}.Release|Any CPU.Build.0 = Release|Any CPU
	EndGlobalSection
	GlobalSection(SolutionProperties) = preSolution
		HideSolutionNode = FALSE
	EndGlobalSection
	GlobalSection(ExtensibilityGlobals) = postSolution
		SolutionGuid = {734CF041-41AB-4334-99E0-81828F508407}
	EndGlobalSection
EndGlobal
