
Microsoft Visual Studio Solution File, Format Version 12.00
# Visual Studio Version 16
VisualStudioVersion = 16.0.34931.43
MinimumVisualStudioVersion = 10.0.40219.1
Project("{FAE04EC0-301F-11D3-BF4B-00C04F79EFBC}") = "RemoteClient", "RemoteClient\RemoteClient.csproj", "{6F378AFA-607C-424B-B46D-3146B6071B91}"
EndProject
Global
	GlobalSection(SolutionConfigurationPlatforms) = preSolution
		Debug|Any CPU = Debug|Any CPU
		Release|Any CPU = Release|Any CPU
	EndGlobalSection
	GlobalSection(ProjectConfigurationPlatforms) = postSolution
		{6F378AFA-607C-424B-B46D-3146B6071B91}.Debug|Any CPU.ActiveCfg = Debug|Any CPU
		{6F378AFA-607C-424B-B46D-3146B6071B91}.Debug|Any CPU.Build.0 = Debug|Any CPU
		{6F378AFA-607C-424B-B46D-3146B6071B91}.Release|Any CPU.ActiveCfg = Release|Any CPU
		{6F378AFA-607C-424B-B46D-3146B6071B91}.Release|Any CPU.Build.0 = Release|Any CPU
	EndGlobalSection
	GlobalSection(SolutionProperties) = preSolution
		HideSolutionNode = FALSE
	EndGlobalSection
	GlobalSection(ExtensibilityGlobals) = postSolution
		SolutionGuid = {B8301CCC-6402-400F-8E84-AFB7EFC7D05F}
	EndGlobalSection
EndGlobal
